
Microsoft Visual Studio Solution File, Format Version 12.00
# Visual Studio Version 17
VisualStudioVersion = 17.4.33110.190
MinimumVisualStudioVersion = 10.0.40219.1
Project("{9A19103F-16F7-4668-BE54-9A1E7A4F7556}") = "SoupsPlus", "SoupPlus\SoupsPlus.csproj", "{ED125F7E-766C-498D-B88A-4C95EB5BF7C9}"
EndProject
Global
	GlobalSection(SolutionConfigurationPlatforms) = preSolution
		Debug|Any CPU = Debug|Any CPU
		Release|Any CPU = Release|Any CPU
	EndGlobalSection
	GlobalSection(ProjectConfigurationPlatforms) = postSolution
		{ED125F7E-766C-498D-B88A-4C95EB5BF7C9}.Debug|Any CPU.ActiveCfg = Debug|Any CPU
		{ED125F7E-766C-498D-B88A-4C95EB5BF7C9}.Debug|Any CPU.Build.0 = Debug|Any CPU
		{ED125F7E-766C-498D-B88A-4C95EB5BF7C9}.Release|Any CPU.ActiveCfg = Release|Any CPU
		{ED125F7E-766C-498D-B88A-4C95EB5BF7C9}.Release|Any CPU.Build.0 = Release|Any CPU
	EndGlobalSection
	GlobalSection(SolutionProperties) = preSolution
		HideSolutionNode = FALSE
	EndGlobalSection
	GlobalSection(ExtensibilityGlobals) = postSolution
		SolutionGuid = {A94B7DDB-DC2B-45DC-8DC1-F262FC046814}
	EndGlobalSection
EndGlobal
